
Microsoft Visual Studio Solution File, Format Version 12.00
Project("{FAE04EC0-301F-11D3-BF4B-00C04F79EFBC}") = "TTSCleanup", "TTSCleanup\TTSCleanup.csproj", "{CA656F81-FFE7-4C3C-85C3-F434BEAAA3B7}"
EndProject
Global
	GlobalSection(SolutionConfigurationPlatforms) = preSolution
		Debug|Any CPU = Debug|Any CPU
		Release|Any CPU = Release|Any CPU
	EndGlobalSection
	GlobalSection(ProjectConfigurationPlatforms) = postSolution
		{CA656F81-FFE7-4C3C-85C3-F434BEAAA3B7}.Debug|Any CPU.ActiveCfg = Debug|Any CPU
		{CA656F81-FFE7-4C3C-85C3-F434BEAAA3B7}.Debug|Any CPU.Build.0 = Debug|Any CPU
		{CA656F81-FFE7-4C3C-85C3-F434BEAAA3B7}.Release|Any CPU.ActiveCfg = Release|Any CPU
		{CA656F81-FFE7-4C3C-85C3-F434BEAAA3B7}.Release|Any CPU.Build.0 = Release|Any CPU
	EndGlobalSection
EndGlobal
